
Microsoft Visual Studio Solution File, Format Version 12.00
# Visual Studio Version 17
VisualStudioVersion = 17.12.35527.113 d17.12
MinimumVisualStudioVersion = 10.0.40219.1
Project("{FAE04EC0-301F-11D3-BF4B-00C04F79EFBC}") = "villaroom_API", "villaroom_API\villaroom_API.csproj", "{AE847A56-5BA2-41CC-B01C-4C06AA50C6A3}"
EndProject
Project("{2150E333-8FDC-42A3-9474-1A3956D46DE8}") = "Elementos de la solución", "Elementos de la solución", "{407BA28E-9BF8-4410-A1DA-50257304315A}"
	ProjectSection(SolutionItems) = preProject
		.gitignore = .gitignore
	EndProjectSection
EndProject
Global
	GlobalSection(SolutionConfigurationPlatforms) = preSolution
		Debug|Any CPU = Debug|Any CPU
		Release|Any CPU = Release|Any CPU
	EndGlobalSection
	GlobalSection(ProjectConfigurationPlatforms) = postSolution
		{AE847A56-5BA2-41CC-B01C-4C06AA50C6A3}.Debug|Any CPU.ActiveCfg = Debug|Any CPU
		{AE847A56-5BA2-41CC-B01C-4C06AA50C6A3}.Debug|Any CPU.Build.0 = Debug|Any CPU
		{AE847A56-5BA2-41CC-B01C-4C06AA50C6A3}.Release|Any CPU.ActiveCfg = Release|Any CPU
		{AE847A56-5BA2-41CC-B01C-4C06AA50C6A3}.Release|Any CPU.Build.0 = Release|Any CPU
	EndGlobalSection
	GlobalSection(SolutionProperties) = preSolution
		HideSolutionNode = FALSE
	EndGlobalSection
EndGlobal
